
Microsoft Visual Studio Solution File, Format Version 12.00
# Visual Studio Version 16
VisualStudioVersion = 16.0.31605.320
MinimumVisualStudioVersion = 10.0.40219.1
Project("{FAE04EC0-301F-11D3-BF4B-00C04F79EFBC}") = "TestingConsole", "TestingConsole\TestingConsole.csproj", "{6B7CEE89-2731-47A0-BC2C-F09477461D83}"
EndProject
Global
	GlobalSection(SolutionConfigurationPlatforms) = preSolution
		Debug|Any CPU = Debug|Any CPU
		Release|Any CPU = Release|Any CPU
	EndGlobalSection
	GlobalSection(ProjectConfigurationPlatforms) = postSolution
		{6B7CEE89-2731-47A0-BC2C-F09477461D83}.Debug|Any CPU.ActiveCfg = Debug|Any CPU
		{6B7CEE89-2731-47A0-BC2C-F09477461D83}.Debug|Any CPU.Build.0 = Debug|Any CPU
		{6B7CEE89-2731-47A0-BC2C-F09477461D83}.Release|Any CPU.ActiveCfg = Release|Any CPU
		{6B7CEE89-2731-47A0-BC2C-F09477461D83}.Release|Any CPU.Build.0 = Release|Any CPU
	EndGlobalSection
	GlobalSection(SolutionProperties) = preSolution
		HideSolutionNode = FALSE
	EndGlobalSection
	GlobalSection(ExtensibilityGlobals) = postSolution
		SolutionGuid = {C7293473-59EB-42BD-BDF3-76D0E0D5A715}
	EndGlobalSection
EndGlobal
